{
  "version": 4,
  "terraform_version": "1.11.1",
  "serial": 21,
  "lineage": "67cc53b1-cc46-dc33-36da-8c33e4159cef",
  "outputs": {
    "app_name": {
      "value": "proxy-i3r9u58c",
      "type": "string"
    },
    "default_hostname": {
      "value": "proxy-i3r9u58c.azurewebsites.net",
      "type": "string"
    },
    "proxy_url": {
      "value": "https://proxy-i3r9u58c.azurewebsites.net",
      "type": "string"
    }
  },
  "resources": [
    {
      "mode": "data",
      "type": "archive_file",
      "name": "app_zip",
      "provider": "provider[\"registry.terraform.io/hashicorp/archive\"]",
      "instances": [
        {
          "schema_version": 0,
          "attributes": {
            "exclude_symlink_directories": null,
            "excludes": null,
            "id": "2613d6947c33f9503bfd818d16830d7d2328bd0e",
            "output_base64sha256": "CHYtE0liR3OU1eFxqhr1MlIxZqJfliYwBgUysgT7CpA=",
            "output_base64sha512": "9T+90PhRMPywfZaSMdyl+9/JthaHISo88zuPVulRwJIW5xdngzdzexWsgoUmeKOKCIe6qbcronZoZeyb72kZCg==",
            "output_file_mode": null,
            "output_md5": "9c99eded7f271484b1288706fd8876a7",
            "output_path": "./redir-proxy.zip",
            "output_sha": "2613d6947c33f9503bfd818d16830d7d2328bd0e",
            "output_sha256": "08762d134962477394d5e171aa1af532523166a25f962630060532b204fb0a90",
            "output_sha512": "f53fbdd0f85130fcb07d969231dca5fbdfc9b61687212a3cf33b8f56e951c09216e717678337737b15ac82852678a38a0887baa9b72ba2766865ec9bef69190a",
            "output_size": 1734,
            "source": [],
            "source_content": null,
            "source_content_filename": null,
            "source_dir": "./app",
            "source_file": null,
            "type": "zip"
          },
          "sensitive_attributes": []
        }
      ]
    },
    {
      "mode": "managed",
      "type": "azurerm_linux_web_app",
      "name": "app",
      "provider": "provider[\"registry.terraform.io/hashicorp/azurerm\"]",
      "instances": [
        {
          "schema_version": 1,
          "attributes": {
            "app_settings": {
              "ENCLAVE_REDIRECTOR": "google.com",
              "WEBSITE_RUN_FROM_PACKAGE": "1"
            },
            "auth_settings": [
              {
                "active_directory": [],
                "additional_login_parameters": {},
                "allowed_external_redirect_urls": [],
                "default_provider": "",
                "enabled": false,
                "facebook": [],
                "github": [],
                "google": [],
                "issuer": "",
                "microsoft": [],
                "runtime_version": "",
                "token_refresh_extension_hours": 0,
                "token_store_enabled": false,
                "twitter": [],
                "unauthenticated_client_action": ""
              }
            ],
            "auth_settings_v2": [],
            "backup": [],
            "client_affinity_enabled": false,
            "client_certificate_enabled": false,
            "client_certificate_exclusion_paths": "",
            "client_certificate_mode": "Required",
            "connection_string": [],
            "custom_domain_verification_id": "4BEDD5F6F8C2875E9396CEA357A71E63C0BEDF2AF45CB44B328177EEBED031F6",
            "default_hostname": "proxy-i3r9u58c.azurewebsites.net",
            "enabled": true,
            "ftp_publish_basic_authentication_enabled": true,
            "hosting_environment_id": "",
            "https_only": true,
            "id": "/subscriptions/424d1a41-4834-488b-ba3a-674881252762/resourceGroups/rg-enclave-proxy/providers/Microsoft.Web/sites/proxy-i3r9u58c",
            "identity": [],
            "key_vault_reference_identity_id": "SystemAssigned",
            "kind": "app,linux",
            "location": "westus2",
            "logs": [],
            "name": "proxy-i3r9u58c",
            "outbound_ip_address_list": [
              "4.149.153.72",
              "4.242.112.109",
              "4.246.1.153",
              "172.179.160.206",
              "4.155.180.65",
              "172.179.23.236",
              "4.154.227.46",
              "4.154.249.205",
              "20.252.97.105",
              "172.179.52.10",
              "4.242.106.31",
              "172.179.147.40",
              "20.42.128.96"
            ],
            "outbound_ip_addresses": "4.149.153.72,4.242.112.109,4.246.1.153,172.179.160.206,4.155.180.65,172.179.23.236,4.154.227.46,4.154.249.205,20.252.97.105,172.179.52.10,4.242.106.31,172.179.147.40,20.42.128.96",
            "possible_outbound_ip_address_list": [
              "4.149.153.72",
              "4.242.112.109",
              "4.246.1.153",
              "172.179.160.206",
              "4.155.180.65",
              "172.179.23.236",
              "4.154.227.46",
              "4.154.249.205",
              "20.252.97.105",
              "172.179.52.10",
              "4.242.106.31",
              "172.179.147.40",
              "4.154.250.219",
              "4.155.124.123",
              "20.3.25.35",
              "172.179.98.39",
              "172.179.62.60",
              "172.179.154.219",
              "52.250.82.200",
              "52.250.35.152",
              "4.149.89.82",
              "172.179.180.245",
              "20.115.175.113",
              "52.250.37.17",
              "172.179.65.118",
              "4.149.65.98",
              "4.242.114.81",
              "172.179.168.97",
              "172.179.162.4",
              "52.250.85.2",
              "20.42.128.96"
            ],
            "possible_outbound_ip_addresses": "4.149.153.72,4.242.112.109,4.246.1.153,172.179.160.206,4.155.180.65,172.179.23.236,4.154.227.46,4.154.249.205,20.252.97.105,172.179.52.10,4.242.106.31,172.179.147.40,4.154.250.219,4.155.124.123,20.3.25.35,172.179.98.39,172.179.62.60,172.179.154.219,52.250.82.200,52.250.35.152,4.149.89.82,172.179.180.245,20.115.175.113,52.250.37.17,172.179.65.118,4.149.65.98,4.242.114.81,172.179.168.97,172.179.162.4,52.250.85.2,20.42.128.96",
            "public_network_access_enabled": true,
            "resource_group_name": "rg-enclave-proxy",
            "service_plan_id": "/subscriptions/424d1a41-4834-488b-ba3a-674881252762/resourceGroups/rg-enclave-proxy/providers/Microsoft.Web/serverFarms/proxy-i3r9u58c-plan",
            "site_config": [
              {
                "always_on": true,
                "api_definition_url": "",
                "api_management_api_id": "",
                "app_command_line": "",
                "application_stack": [
                  {
                    "docker_image_name": "",
                    "docker_registry_password": "",
                    "docker_registry_url": "",
                    "docker_registry_username": "",
                    "dotnet_version": "",
                    "go_version": "",
                    "java_server": "",
                    "java_server_version": "",
                    "java_version": "",
                    "node_version": "",
                    "php_version": "",
                    "python_version": "",
                    "ruby_version": ""
                  }
                ],
                "auto_heal_setting": [],
                "container_registry_managed_identity_client_id": "",
                "container_registry_use_managed_identity": false,
                "cors": [],
                "default_documents": [
                  "Default.htm",
                  "Default.html",
                  "Default.asp",
                  "index.htm",
                  "index.html",
                  "iisstart.htm",
                  "default.aspx",
                  "index.php",
                  "hostingstart.html"
                ],
                "detailed_error_logging_enabled": false,
                "ftps_state": "Disabled",
                "health_check_eviction_time_in_min": 0,
                "health_check_path": "",
                "http2_enabled": false,
                "ip_restriction": [],
                "ip_restriction_default_action": "Allow",
                "linux_fx_version": "",
                "load_balancing_mode": "LeastRequests",
                "local_mysql_enabled": false,
                "managed_pipeline_mode": "Integrated",
                "minimum_tls_version": "1.2",
                "remote_debugging_enabled": false,
                "remote_debugging_version": "VS2022",
                "scm_ip_restriction": [],
                "scm_ip_restriction_default_action": "Allow",
                "scm_minimum_tls_version": "1.2",
                "scm_type": "None",
                "scm_use_main_ip_restriction": false,
                "use_32_bit_worker": true,
                "vnet_route_all_enabled": false,
                "websockets_enabled": false,
                "worker_count": 1
              }
            ],
            "site_credential": [
              {
                "name": "$proxy-i3r9u58c",
                "password": "l2ZjQGPfgCjDh1KlDZHHeivQxxJLHzT7zBsabtAlbywxqdj1zEgBt2SK8d7K"
              }
            ],
            "sticky_settings": [],
            "storage_account": [],
            "tags": null,
            "timeouts": null,
            "virtual_network_backup_restore_enabled": false,
            "virtual_network_subnet_id": "",
            "vnet_image_pull_enabled": false,
            "webdeploy_publish_basic_authentication_enabled": true,
            "zip_deploy_file": "./redir-proxy.zip"
          },
          "sensitive_attributes": [
            [
              {
                "type": "get_attr",
                "value": "site_credential"
              }
            ],
            [
              {
                "type": "get_attr",
                "value": "app_settings"
              },
              {
                "type": "index",
                "value": {
                  "value": "ENCLAVE_REDIRECTOR",
                  "type": "string"
                }
              }
            ],
            [
              {
                "type": "get_attr",
                "value": "custom_domain_verification_id"
              }
            ],
            [
              {
                "type": "get_attr",
                "value": "site_config"
              },
              {
                "type": "index",
                "value": {
                  "value": 0,
                  "type": "number"
                }
              },
              {
                "type": "get_attr",
                "value": "application_stack"
              },
              {
                "type": "index",
                "value": {
                  "value": 0,
                  "type": "number"
                }
              },
              {
                "type": "get_attr",
                "value": "docker_registry_password"
              }
            ]
          ],
          "private": "eyJlMmJmYjczMC1lY2FhLTExZTYtOGY4OC0zNDM2M2JjN2M0YzAiOnsiY3JlYXRlIjoxODAwMDAwMDAwMDAwLCJkZWxldGUiOjE4MDAwMDAwMDAwMDAsInJlYWQiOjMwMDAwMDAwMDAwMCwidXBkYXRlIjoxODAwMDAwMDAwMDAwfSwic2NoZW1hX3ZlcnNpb24iOiIxIn0=",
          "dependencies": [
            "azurerm_resource_group.rg",
            "azurerm_service_plan.plan",
            "data.archive_file.app_zip",
            "random_string.suffix"
          ]
        }
      ]
    },
    {
      "mode": "managed",
      "type": "azurerm_resource_group",
      "name": "rg",
      "provider": "provider[\"registry.terraform.io/hashicorp/azurerm\"]",
      "instances": [
        {
          "schema_version": 0,
          "attributes": {
            "id": "/subscriptions/424d1a41-4834-488b-ba3a-674881252762/resourceGroups/rg-enclave-proxy",
            "location": "westus2",
            "managed_by": "",
            "name": "rg-enclave-proxy",
            "tags": null,
            "timeouts": null
          },
          "sensitive_attributes": [],
          "private": "eyJlMmJmYjczMC1lY2FhLTExZTYtOGY4OC0zNDM2M2JjN2M0YzAiOnsiY3JlYXRlIjo1NDAwMDAwMDAwMDAwLCJkZWxldGUiOjU0MDAwMDAwMDAwMDAsInJlYWQiOjMwMDAwMDAwMDAwMCwidXBkYXRlIjo1NDAwMDAwMDAwMDAwfX0="
        }
      ]
    },
    {
      "mode": "managed",
      "type": "azurerm_service_plan",
      "name": "plan",
      "provider": "provider[\"registry.terraform.io/hashicorp/azurerm\"]",
      "instances": [
        {
          "schema_version": 1,
          "attributes": {
            "app_service_environment_id": "",
            "id": "/subscriptions/424d1a41-4834-488b-ba3a-674881252762/resourceGroups/rg-enclave-proxy/providers/Microsoft.Web/serverFarms/proxy-i3r9u58c-plan",
            "kind": "linux",
            "location": "westus2",
            "maximum_elastic_worker_count": 1,
            "name": "proxy-i3r9u58c-plan",
            "os_type": "Linux",
            "per_site_scaling_enabled": false,
            "premium_plan_auto_scale_enabled": false,
            "reserved": true,
            "resource_group_name": "rg-enclave-proxy",
            "sku_name": "B1",
            "tags": null,
            "timeouts": null,
            "worker_count": 1,
            "zone_balancing_enabled": false
          },
          "sensitive_attributes": [],
          "private": "eyJlMmJmYjczMC1lY2FhLTExZTYtOGY4OC0zNDM2M2JjN2M0YzAiOnsiY3JlYXRlIjozNjAwMDAwMDAwMDAwLCJkZWxldGUiOjM2MDAwMDAwMDAwMDAsInJlYWQiOjMwMDAwMDAwMDAwMCwidXBkYXRlIjozNjAwMDAwMDAwMDAwfSwic2NoZW1hX3ZlcnNpb24iOiIxIn0=",
          "dependencies": [
            "azurerm_resource_group.rg",
            "random_string.suffix"
          ]
        }
      ]
    },
    {
      "mode": "managed",
      "type": "random_string",
      "name": "suffix",
      "provider": "provider[\"registry.terraform.io/hashicorp/random\"]",
      "instances": [
        {
          "schema_version": 2,
          "attributes": {
            "id": "i3r9u58c",
            "keepers": null,
            "length": 8,
            "lower": true,
            "min_lower": 0,
            "min_numeric": 0,
            "min_special": 0,
            "min_upper": 0,
            "number": true,
            "numeric": true,
            "override_special": null,
            "result": "i3r9u58c",
            "special": false,
            "upper": false
          },
          "sensitive_attributes": []
        }
      ]
    }
  ],
  "check_results": null
}
